{
  "lockfileVersion": 1,
  "configVersion": 1,
  "workspaces": {
    "": {
      "name": "@rolexjs/core",
      "devDependencies": {
        "@cucumber/messages": "^32.0.1",
      },
    },
  },
  "packages": {
    "@cucumber/messages": ["@cucumber/messages@32.0.1", "", { "dependencies": { "class-transformer": "0.5.1", "reflect-metadata": "0.2.2" } }, "sha512-1OSoW+GQvFUNAl6tdP2CTBexTXMNJF0094goVUcvugtQeXtJ0K8sCP0xbq7GGoiezs/eJAAOD03+zAPT64orHQ=="],

    "class-transformer": ["class-transformer@0.5.1", "", {}, "sha512-SQa1Ws6hUbfC98vKGxZH3KFY0Y1lm5Zm0SY8XX9zbK7FJCyVEac3ATW0RIpwzW+oOfmHE5PMPufDG9hCfoEOMw=="],

    "reflect-metadata": ["reflect-metadata@0.2.2", "", {}, "sha512-urBwgfrvVP/eAyXx4hluJivBKzuEbSQs9rKWCrCkbSxNv8mxPcUZKeuoF3Uy4mJl3Lwprp6yy5/39VWigZ4K6Q=="],
  }
}
